
Microsoft Visual Studio Solution File, Format Version 12.00
# Visual Studio 15
VisualStudioVersion = 15.0.28307.271
MinimumVisualStudioVersion = 10.0.40219.1
Project("{9A19103F-16F7-4668-BE54-9A1E7A4F7556}") = "IssuesToBlog", "src\IssuesToBlog\IssuesToBlog.csproj", "{DEF3B6A4-E544-4259-B3CA-DD9664D80AD3}"
EndProject
Global
	GlobalSection(SolutionConfigurationPlatforms) = preSolution
		Debug|Any CPU = Debug|Any CPU
		Release|Any CPU = Release|Any CPU
	EndGlobalSection
	GlobalSection(ProjectConfigurationPlatforms) = postSolution
		{DEF3B6A4-E544-4259-B3CA-DD9664D80AD3}.Debug|Any CPU.ActiveCfg = Debug|Any CPU
		{DEF3B6A4-E544-4259-B3CA-DD9664D80AD3}.Debug|Any CPU.Build.0 = Debug|Any CPU
		{DEF3B6A4-E544-4259-B3CA-DD9664D80AD3}.Release|Any CPU.ActiveCfg = Release|Any CPU
		{DEF3B6A4-E544-4259-B3CA-DD9664D80AD3}.Release|Any CPU.Build.0 = Release|Any CPU
	EndGlobalSection
	GlobalSection(SolutionProperties) = preSolution
		HideSolutionNode = FALSE
	EndGlobalSection
	GlobalSection(ExtensibilityGlobals) = postSolution
		SolutionGuid = {2371C050-19E8-4765-9C14-6E15F58E86DD}
	EndGlobalSection
EndGlobal
